
Microsoft Visual Studio Solution File, Format Version 12.00
# Visual Studio Version 17
VisualStudioVersion = 17.7.34202.233
MinimumVisualStudioVersion = 10.0.40219.1
Project("{D954291E-2A0B-460D-934E-DC6B0785DB48}") = "Utilities", "Utilities\Utilities.shproj", "{F5BC1617-D550-42E3-92D3-81080CFF5D8A}"
EndProject
Project("{9A19103F-16F7-4668-BE54-9A1E7A4F7556}") = "MyInfiniteBatterysAndCells", "MyInfiniteBatterysAndCells\MyInfiniteBatterysAndCells.csproj", "{CCBAE7A5-6D54-4764-B4F7-5A8B4D01DC9F}"
EndProject
Project("{9A19103F-16F7-4668-BE54-9A1E7A4F7556}") = "MyReactorRod", "MyReactorRod\MyReactorRod.csproj", "{A8FEC490-A326-4D5B-974C-6A138F871DCA}"
EndProject
Project("{9A19103F-16F7-4668-BE54-9A1E7A4F7556}") = "MySeamothModules", "MySeamothModules\MySeamothModules.csproj", "{6E881989-3C26-49B2-8540-3C8798978C33}"
EndProject
Project("{9A19103F-16F7-4668-BE54-9A1E7A4F7556}") = "SeamothModules", "SeamothModules\SeamothModules.csproj", "{3C02AA33-238B-4722-8DD4-8899658CCED1}"
EndProject
Project("{9A19103F-16F7-4668-BE54-9A1E7A4F7556}") = "NuclearBatteries", "NuclearBatteries\NuclearBatteries.csproj", "{6A5BC22E-0883-43B1-A64C-453BD3FEAE5E}"
EndProject
Project("{2150E333-8FDC-42A3-9474-1A3956D46DE8}") = "SN", "SN", "{3185352E-A16E-456E-958B-302F21569105}"
EndProject
Project("{2150E333-8FDC-42A3-9474-1A3956D46DE8}") = "BZ", "BZ", "{4E802536-8DC3-472A-91E8-36BBDFF10D97}"
EndProject
Project("{2150E333-8FDC-42A3-9474-1A3956D46DE8}") = "v1.0", "v1.0", "{BDE7ED6F-47FE-4A4F-8DA1-E948DAE538DB}"
EndProject
Global
	GlobalSection(SolutionConfigurationPlatforms) = preSolution
		Debug|Any CPU = Debug|Any CPU
		Release|Any CPU = Release|Any CPU
	EndGlobalSection
	GlobalSection(ProjectConfigurationPlatforms) = postSolution
		{CCBAE7A5-6D54-4764-B4F7-5A8B4D01DC9F}.Debug|Any CPU.ActiveCfg = Debug|Any CPU
		{CCBAE7A5-6D54-4764-B4F7-5A8B4D01DC9F}.Debug|Any CPU.Build.0 = Debug|Any CPU
		{CCBAE7A5-6D54-4764-B4F7-5A8B4D01DC9F}.Release|Any CPU.ActiveCfg = Release|Any CPU
		{CCBAE7A5-6D54-4764-B4F7-5A8B4D01DC9F}.Release|Any CPU.Build.0 = Release|Any CPU
		{A8FEC490-A326-4D5B-974C-6A138F871DCA}.Debug|Any CPU.ActiveCfg = Debug|Any CPU
		{A8FEC490-A326-4D5B-974C-6A138F871DCA}.Debug|Any CPU.Build.0 = Debug|Any CPU
		{A8FEC490-A326-4D5B-974C-6A138F871DCA}.Release|Any CPU.ActiveCfg = Release|Any CPU
		{A8FEC490-A326-4D5B-974C-6A138F871DCA}.Release|Any CPU.Build.0 = Release|Any CPU
		{6E881989-3C26-49B2-8540-3C8798978C33}.Debug|Any CPU.ActiveCfg = Debug|Any CPU
		{6E881989-3C26-49B2-8540-3C8798978C33}.Debug|Any CPU.Build.0 = Debug|Any CPU
		{6E881989-3C26-49B2-8540-3C8798978C33}.Release|Any CPU.ActiveCfg = Release|Any CPU
		{6E881989-3C26-49B2-8540-3C8798978C33}.Release|Any CPU.Build.0 = Release|Any CPU
		{3C02AA33-238B-4722-8DD4-8899658CCED1}.Debug|Any CPU.ActiveCfg = Debug|Any CPU
		{3C02AA33-238B-4722-8DD4-8899658CCED1}.Debug|Any CPU.Build.0 = Debug|Any CPU
		{3C02AA33-238B-4722-8DD4-8899658CCED1}.Release|Any CPU.ActiveCfg = Release|Any CPU
		{3C02AA33-238B-4722-8DD4-8899658CCED1}.Release|Any CPU.Build.0 = Release|Any CPU
		{6A5BC22E-0883-43B1-A64C-453BD3FEAE5E}.Debug|Any CPU.ActiveCfg = Debug|Any CPU
		{6A5BC22E-0883-43B1-A64C-453BD3FEAE5E}.Debug|Any CPU.Build.0 = Debug|Any CPU
		{6A5BC22E-0883-43B1-A64C-453BD3FEAE5E}.Release|Any CPU.ActiveCfg = Release|Any CPU
		{6A5BC22E-0883-43B1-A64C-453BD3FEAE5E}.Release|Any CPU.Build.0 = Release|Any CPU
	EndGlobalSection
	GlobalSection(SolutionProperties) = preSolution
		HideSolutionNode = FALSE
	EndGlobalSection
	GlobalSection(NestedProjects) = preSolution
		{CCBAE7A5-6D54-4764-B4F7-5A8B4D01DC9F} = {BDE7ED6F-47FE-4A4F-8DA1-E948DAE538DB}
		{A8FEC490-A326-4D5B-974C-6A138F871DCA} = {BDE7ED6F-47FE-4A4F-8DA1-E948DAE538DB}
		{6E881989-3C26-49B2-8540-3C8798978C33} = {BDE7ED6F-47FE-4A4F-8DA1-E948DAE538DB}
		{3C02AA33-238B-4722-8DD4-8899658CCED1} = {3185352E-A16E-456E-958B-302F21569105}
		{6A5BC22E-0883-43B1-A64C-453BD3FEAE5E} = {3185352E-A16E-456E-958B-302F21569105}
		{BDE7ED6F-47FE-4A4F-8DA1-E948DAE538DB} = {3185352E-A16E-456E-958B-302F21569105}
	EndGlobalSection
	GlobalSection(ExtensibilityGlobals) = postSolution
		SolutionGuid = {5A0373A0-612D-451C-831C-D35540BAD183}
	EndGlobalSection
	GlobalSection(SharedMSBuildProjectFiles) = preSolution
		Utilities\Utilities.projitems*{3c02aa33-238b-4722-8dd4-8899658cced1}*SharedItemsImports = 5
		Utilities\Utilities.projitems*{6a5bc22e-0883-43b1-a64c-453bd3feae5e}*SharedItemsImports = 5
		Utilities\Utilities.projitems*{6e881989-3c26-49b2-8540-3c8798978c33}*SharedItemsImports = 5
		Utilities\Utilities.projitems*{a8fec490-a326-4d5b-974c-6a138f871dca}*SharedItemsImports = 5
		Utilities\Utilities.projitems*{ccbae7a5-6d54-4764-b4f7-5a8b4d01dc9f}*SharedItemsImports = 5
		Utilities\Utilities.projitems*{f5bc1617-d550-42e3-92d3-81080cff5d8a}*SharedItemsImports = 13
	EndGlobalSection
EndGlobal
